
Microsoft Visual Studio Solution File, Format Version 12.00
# Visual Studio Version 17
VisualStudioVersion = 17.11.35312.102
MinimumVisualStudioVersion = 10.0.40219.1
Project("{FAE04EC0-301F-11D3-BF4B-00C04F79EFBC}") = "department", "department.csproj", "{DDC94E15-3CE3-43C2-887C-9EB9502936E0}"
EndProject
Global
	GlobalSection(SolutionConfigurationPlatforms) = preSolution
		Debug|Any CPU = Debug|Any CPU
		Release|Any CPU = Release|Any CPU
	EndGlobalSection
	GlobalSection(ProjectConfigurationPlatforms) = postSolution
		{DDC94E15-3CE3-43C2-887C-9EB9502936E0}.Debug|Any CPU.ActiveCfg = Debug|Any CPU
		{DDC94E15-3CE3-43C2-887C-9EB9502936E0}.Debug|Any CPU.Build.0 = Debug|Any CPU
		{DDC94E15-3CE3-43C2-887C-9EB9502936E0}.Release|Any CPU.ActiveCfg = Release|Any CPU
		{DDC94E15-3CE3-43C2-887C-9EB9502936E0}.Release|Any CPU.Build.0 = Release|Any CPU
	EndGlobalSection
	GlobalSection(SolutionProperties) = preSolution
		HideSolutionNode = FALSE
	EndGlobalSection
	GlobalSection(ExtensibilityGlobals) = postSolution
		SolutionGuid = {A160498A-68F2-4CD5-B8ED-404E33CA6957}
	EndGlobalSection
EndGlobal
